{"filter":false,"title":"composer.lock","tooltip":"/composer.lock","undoManager":{"mark":3,"position":3,"stack":[[{"start":{"row":539,"column":0},"end":{"row":561,"column":48},"action":"remove","lines":["<<<<<<< HEAD","            \"version\": \"1.0.18\",","            \"source\": {","                \"type\": \"git\",","                \"url\": \"https://github.com/thephpleague/flysystem.git\",","                \"reference\": \"b334d6c5f95364948e06d2f620ab93d084074c6e\"","            },","            \"dist\": {","                \"type\": \"zip\",","                \"url\": \"https://api.github.com/repos/thephpleague/flysystem/zipball/b334d6c5f95364948e06d2f620ab93d084074c6e\",","                \"reference\": \"b334d6c5f95364948e06d2f620ab93d084074c6e\",","=======","            \"version\": \"1.0.20\",","            \"source\": {","                \"type\": \"git\",","                \"url\": \"https://github.com/thephpleague/flysystem.git\",","                \"reference\": \"e87a786e3ae12a25cf78a71bb07b4b384bfaa83a\"","            },","            \"dist\": {","                \"type\": \"zip\",","                \"url\": \"https://api.github.com/repos/thephpleague/flysystem/zipball/e87a786e3ae12a25cf78a71bb07b4b384bfaa83a\",","                \"reference\": \"e87a786e3ae12a25cf78a71bb07b4b384bfaa83a\",",">>>>>>> 6a20c01b9e12034ea4e3cd2ae70e2985e2744dfc"],"id":2,"ignore":true},{"start":{"row":539,"column":0},"end":{"row":548,"column":72},"action":"insert","lines":["            \"version\": \"1.0.18\",","            \"source\": {","                \"type\": \"git\",","                \"url\": \"https://github.com/thephpleague/flysystem.git\",","                \"reference\": \"b334d6c5f95364948e06d2f620ab93d084074c6e\"","            },","            \"dist\": {","                \"type\": \"zip\",","                \"url\": \"https://api.github.com/repos/thephpleague/flysystem/zipball/b334d6c5f95364948e06d2f620ab93d084074c6e\",","                \"reference\": \"b334d6c5f95364948e06d2f620ab93d084074c6e\","]}],[{"start":{"row":618,"column":0},"end":{"row":622,"column":48},"action":"remove","lines":["<<<<<<< HEAD","            \"time\": \"2016-03-07 21:01:43\"","=======","            \"time\": \"2016-03-14 21:54:11\"",">>>>>>> 6a20c01b9e12034ea4e3cd2ae70e2985e2744dfc"],"id":3},{"start":{"row":618,"column":0},"end":{"row":618,"column":41},"action":"insert","lines":["            \"time\": \"2016-03-14 21:54:11\""]}],[{"start":{"row":1031,"column":0},"end":{"row":1088,"column":48},"action":"remove","lines":["<<<<<<< HEAD","=======","        },","        {","            \"name\": \"stripe/stripe-php\",","            \"version\": \"v3.10.0\",","            \"source\": {","                \"type\": \"git\",","                \"url\": \"https://github.com/stripe/stripe-php.git\",","                \"reference\": \"e40211d1d5325d99d3ce167c9ee1ade0473a608a\"","            },","            \"dist\": {","                \"type\": \"zip\",","                \"url\": \"https://api.github.com/repos/stripe/stripe-php/zipball/e40211d1d5325d99d3ce167c9ee1ade0473a608a\",","                \"reference\": \"e40211d1d5325d99d3ce167c9ee1ade0473a608a\",","                \"shasum\": \"\"","            },","            \"require\": {","                \"ext-curl\": \"*\",","                \"ext-json\": \"*\",","                \"ext-mbstring\": \"*\",","                \"php\": \">=5.3.3\"","            },","            \"require-dev\": {","                \"phpunit/phpunit\": \"~4.0\",","                \"satooshi/php-coveralls\": \"~0.6.1\",","                \"squizlabs/php_codesniffer\": \"~2.0\"","            },","            \"type\": \"library\",","            \"extra\": {","                \"branch-alias\": {","                    \"dev-master\": \"2.0-dev\"","                }","            },","            \"autoload\": {","                \"psr-4\": {","                    \"Stripe\\\\\": \"lib/\"","                }","            },","            \"notification-url\": \"https://packagist.org/downloads/\",","            \"license\": [","                \"MIT\"","            ],","            \"authors\": [","                {","                    \"name\": \"Stripe and contributors\",","                    \"homepage\": \"https://github.com/stripe/stripe-php/contributors\"","                }","            ],","            \"description\": \"Stripe PHP Library\",","            \"homepage\": \"https://stripe.com/\",","            \"keywords\": [","                \"api\",","                \"payment processing\",","                \"stripe\"","            ],","            \"time\": \"2016-03-15 18:33:48\"",">>>>>>> 6a20c01b9e12034ea4e3cd2ae70e2985e2744dfc"],"id":4}],[{"start":{"row":618,"column":29},"end":{"row":618,"column":31},"action":"remove","lines":["14"],"id":5,"ignore":true},{"start":{"row":618,"column":29},"end":{"row":618,"column":31},"action":"insert","lines":["07"]},{"start":{"row":618,"column":35},"end":{"row":618,"column":40},"action":"remove","lines":["54:11"]},{"start":{"row":618,"column":35},"end":{"row":618,"column":40},"action":"insert","lines":["01:43"]},{"start":{"row":1031,"column":0},"end":{"row":1085,"column":41},"action":"insert","lines":["        },","        {","            \"name\": \"stripe/stripe-php\",","            \"version\": \"v3.10.0\",","            \"source\": {","                \"type\": \"git\",","                \"url\": \"https://github.com/stripe/stripe-php.git\",","                \"reference\": \"e40211d1d5325d99d3ce167c9ee1ade0473a608a\"","            },","            \"dist\": {","                \"type\": \"zip\",","                \"url\": \"https://api.github.com/repos/stripe/stripe-php/zipball/e40211d1d5325d99d3ce167c9ee1ade0473a608a\",","                \"reference\": \"e40211d1d5325d99d3ce167c9ee1ade0473a608a\",","                \"shasum\": \"\"","            },","            \"require\": {","                \"ext-curl\": \"*\",","                \"ext-json\": \"*\",","                \"ext-mbstring\": \"*\",","                \"php\": \">=5.3.3\"","            },","            \"require-dev\": {","                \"phpunit/phpunit\": \"~4.0\",","                \"satooshi/php-coveralls\": \"~0.6.1\",","                \"squizlabs/php_codesniffer\": \"~2.0\"","            },","            \"type\": \"library\",","            \"extra\": {","                \"branch-alias\": {","                    \"dev-master\": \"2.0-dev\"","                }","            },","            \"autoload\": {","                \"psr-4\": {","                    \"Stripe\\\\\": \"lib/\"","                }","            },","            \"notification-url\": \"https://packagist.org/downloads/\",","            \"license\": [","                \"MIT\"","            ],","            \"authors\": [","                {","                    \"name\": \"Stripe and contributors\",","                    \"homepage\": \"https://github.com/stripe/stripe-php/contributors\"","                }","            ],","            \"description\": \"Stripe PHP Library\",","            \"homepage\": \"https://stripe.com/\",","            \"keywords\": [","                \"api\",","                \"payment processing\",","                \"stripe\"","            ],","            \"time\": \"2016-03-15 18:33:48\""]}]]},"ace":{"folds":[],"scrolltop":0,"scrollleft":0,"selection":{"start":{"row":3206,"column":0},"end":{"row":3206,"column":0},"isBackwards":false},"options":{"guessTabSize":true,"useWrapMode":false,"wrapToView":true},"firstLineState":{"row":34,"state":"start","mode":"ace/mode/json"}},"timestamp":1458419236749,"hash":"29f751c9b8fef968caebd24008e41e03b599f43a"}